
Microsoft Visual Studio Solution File, Format Version 12.00
# Visual Studio Version 17
VisualStudioVersion = 17.2.32616.157
MinimumVisualStudioVersion = 10.0.40219.1
Project("{FAE04EC0-301F-11D3-BF4B-00C04F79EFBC}") = "Identity_API_Demo", "Identity_API_Demo\Identity_API_Demo.csproj", "{0D626FD4-D045-4000-BEE5-2A06679280B9}"
EndProject
Global
	GlobalSection(SolutionConfigurationPlatforms) = preSolution
		Debug|Any CPU = Debug|Any CPU
		Release|Any CPU = Release|Any CPU
	EndGlobalSection
	GlobalSection(ProjectConfigurationPlatforms) = postSolution
		{0D626FD4-D045-4000-BEE5-2A06679280B9}.Debug|Any CPU.ActiveCfg = Debug|Any CPU
		{0D626FD4-D045-4000-BEE5-2A06679280B9}.Debug|Any CPU.Build.0 = Debug|Any CPU
		{0D626FD4-D045-4000-BEE5-2A06679280B9}.Release|Any CPU.ActiveCfg = Release|Any CPU
		{0D626FD4-D045-4000-BEE5-2A06679280B9}.Release|Any CPU.Build.0 = Release|Any CPU
	EndGlobalSection
	GlobalSection(SolutionProperties) = preSolution
		HideSolutionNode = FALSE
	EndGlobalSection
	GlobalSection(ExtensibilityGlobals) = postSolution
		SolutionGuid = {B4D5F160-1B28-4021-9707-923204F139BF}
	EndGlobalSection
EndGlobal
